{
  "version": 4,
  "terraform_version": "1.5.7",
  "serial": 83,
  "lineage": "7f901540-0916-bae3-bd55-06ccfac7d2a1",
  "outputs": {},
  "resources": [
    {
      "mode": "data",
      "type": "archive_file",
      "name": "authorizer_zip",
      "provider": "provider[\"registry.terraform.io/hashicorp/archive\"]",
      "instances": [
        {
          "schema_version": 0,
          "attributes": {
            "exclude_symlink_directories": null,
            "excludes": null,
            "id": "764c1505fcacda22f7097b0bf3faac49c330f7b5",
            "output_base64sha256": "WmZloCoHt67aERhcrh3xMacRe5wPgl1mn6zkGMzeCIY=",
            "output_base64sha512": "ViKPIkqJ8QM/inbWd75Fzsri30SDci7HgoWsqK6BJrVNNjixJtspHgv9J2PAGKtusJ14PC1mmAA3fSg5vkr9kA==",
            "output_file_mode": null,
            "output_md5": "4f727400b499d1a25a64ee293774d657",
            "output_path": "../lambdas/authorizer.zip",
            "output_sha": "764c1505fcacda22f7097b0bf3faac49c330f7b5",
            "output_sha256": "5a6665a02a07b7aeda11185cae1df131a7117b9c0f825d669face418ccde0886",
            "output_sha512": "56228f224a89f1033f8a76d677be45cecae2df4483722ec78285aca8ae8126b54d3638b126db291e0bfd2763c018ab6eb09d783c2d669800377d2839be4afd90",
            "output_size": 745,
            "source": [],
            "source_content": null,
            "source_content_filename": null,
            "source_dir": null,
            "source_file": "../lambdas/authorizer.py",
            "type": "zip"
          },
          "sensitive_attributes": []
        }
      ]
    },
    {
      "mode": "data",
      "type": "archive_file",
      "name": "config_zip",
      "provider": "provider[\"registry.terraform.io/hashicorp/archive\"]",
      "instances": [
        {
          "schema_version": 0,
          "attributes": {
            "exclude_symlink_directories": null,
            "excludes": null,
            "id": "508198f2633c615a27bec62dda8960785a7b7979",
            "output_base64sha256": "LBpK+ZaS19rQ5VV2PFgjoNH8qTlAGZQqD1EJeS9q410=",
            "output_base64sha512": "Dqb0Y4xdw6pEcdB9kR9S+Q/9PfrtbmZeY4osdk0pmgfZe7TVkDgAI5AsWD4ffWHAQ5PcFaRyjyhCQ3FTzaMmqQ==",
            "output_file_mode": null,
            "output_md5": "4cf7b3437becc6548ed95474285f88bf",
            "output_path": "../lambdas/config.zip",
            "output_sha": "508198f2633c615a27bec62dda8960785a7b7979",
            "output_sha256": "2c1a4af99692d7dad0e555763c5823a0d1fca9394019942a0f5109792f6ae35d",
            "output_sha512": "0ea6f4638c5dc3aa4471d07d911f52f90ffd3dfaed6e665e638a2c764d299a07d97bb4d590380023902c583e1f7d61c04393dc15a4728f2842437153cda326a9",
            "output_size": 1610,
            "source": [],
            "source_content": null,
            "source_content_filename": null,
            "source_dir": null,
            "source_file": "../lambdas/config.py",
            "type": "zip"
          },
          "sensitive_attributes": []
        }
      ]
    },
    {
      "mode": "data",
      "type": "archive_file",
      "name": "delete_task_zip",
      "provider": "provider[\"registry.terraform.io/hashicorp/archive\"]",
      "instances": [
        {
          "schema_version": 0,
          "attributes": {
            "exclude_symlink_directories": null,
            "excludes": null,
            "id": "4de322eba3e04385eeedb0f4e60b7029a68c9a26",
            "output_base64sha256": "HBAsxlZuKtHg6/FUyQYq5hrj4zwUrL+w0K6tytveWpU=",
            "output_base64sha512": "Rd5+bl5tXQ49LMik5XmvYMS8POKA4cXpQui2VctGulyL25EPBpATJkp18gB/wRFbgnpOtMVyVkGMNMD8lCPUZg==",
            "output_file_mode": null,
            "output_md5": "2b051134a5446eedc3543290c8264680",
            "output_path": "../lambdas/delete_task.zip",
            "output_sha": "4de322eba3e04385eeedb0f4e60b7029a68c9a26",
            "output_sha256": "1c102cc6566e2ad1e0ebf154c9062ae61ae3e33c14acbfb0d0aeadcadbde5a95",
            "output_sha512": "45de7e6e5e6d5d0e3d2cc8a4e579af60c4bc3ce280e1c5e942e8b655cb46ba5c8bdb910f069013264a75f2007fc1115b827a4eb4c57256418c34c0fc9423d466",
            "output_size": 289,
            "source": [],
            "source_content": null,
            "source_content_filename": null,
            "source_dir": null,
            "source_file": "../lambdas/delete_task.py",
            "type": "zip"
          },
          "sensitive_attributes": []
        }
      ]
    },
    {
      "mode": "data",
      "type": "archive_file",
      "name": "get_task_zip",
      "provider": "provider[\"registry.terraform.io/hashicorp/archive\"]",
      "instances": [
        {
          "schema_version": 0,
          "attributes": {
            "exclude_symlink_directories": null,
            "excludes": null,
            "id": "d70392b022fa6f1297360c004aa9f82560118fd5",
            "output_base64sha256": "Yilnb38xEm/1kvsP7vvZ5lkbz32wQI3CIUUrMF5hrkw=",
            "output_base64sha512": "v+CDEU3OSwW2oj3ZB1hFSkmbPYyF3Vgj94qAcvG9noa+psL+GdVvH8tdxnP8OkgXSGbTVpN+8pA4jecBrV6pZg==",
            "output_file_mode": null,
            "output_md5": "871268ddbd48c054df54a2d3af87fa3d",
            "output_path": "../lambdas/get_task.zip",
            "output_sha": "d70392b022fa6f1297360c004aa9f82560118fd5",
            "output_sha256": "6229676f7f31126ff592fb0feefbd9e6591bcf7db0408dc221452b305e61ae4c",
            "output_sha512": "bfe083114dce4b05b6a23dd90758454a499b3d8c85dd5823f78a8072f1bd9e86bea6c2fe19d56f1fcb5dc673fc3a48174866d356937ef290388de701ad5ea966",
            "output_size": 704,
            "source": [],
            "source_content": null,
            "source_content_filename": null,
            "source_dir": null,
            "source_file": "../lambdas/get_task.py",
            "type": "zip"
          },
          "sensitive_attributes": []
        }
      ]
    },
    {
      "mode": "data",
      "type": "archive_file",
      "name": "lambdas_zip",
      "provider": "provider[\"registry.terraform.io/hashicorp/archive\"]",
      "instances": [
        {
          "schema_version": 0,
          "attributes": {
            "exclude_symlink_directories": null,
            "excludes": null,
            "id": "1c0bee26b87eba28f08c1c1d75bacb69168afebd",
            "output_base64sha256": "qwocfA7hmQeSG6MlP3U2jGSShf6AwWa8abKCrHBHDYI=",
            "output_base64sha512": "s4P2XAxVSTr8B52zszy8JkGj5stF8Hvfe40VZ/xDqFglHVq3QMdCPJh/S6ftIFc72tPs9VbRtOTd2uxVrX16ww==",
            "output_file_mode": null,
            "output_md5": "bf5bb35d9bdd62b14b3f04c1b38214cd",
            "output_path": "../lambdas.zip",
            "output_sha": "1c0bee26b87eba28f08c1c1d75bacb69168afebd",
            "output_sha256": "ab0a1c7c0ee19907921ba3253f75368c649285fe80c166bc69b282ac70470d82",
            "output_sha512": "b383f65c0c55493afc079db3b33cbc2641a3e6cb45f07bdf7b8d1567fc43a858251d5ab740c7423c987f4ba7ed20573bdad3ecf556d1b4e4dddaec55ad7d7ac3",
            "output_size": 10101,
            "source": [],
            "source_content": null,
            "source_content_filename": null,
            "source_dir": "../lambdas",
            "source_file": null,
            "type": "zip"
          },
          "sensitive_attributes": []
        }
      ]
    },
    {
      "mode": "data",
      "type": "archive_file",
      "name": "patch_task_zip",
      "provider": "provider[\"registry.terraform.io/hashicorp/archive\"]",
      "instances": [
        {
          "schema_version": 0,
          "attributes": {
            "exclude_symlink_directories": null,
            "excludes": null,
            "id": "d4197dc7314bc1582612626adc2fbd39aefcb090",
            "output_base64sha256": "nJfEgoje/QKtkQatLYnM1QbBiU/BYLB5cvHyKmBHERA=",
            "output_base64sha512": "Rn+hLbhsqJarGzOfO7Q3PpeKCrxToE4k9tOmZj9k0+Q+o9C3UWLkVu8wm3yYFeENK1G6rzh/oiu1mlnAfFYnJA==",
            "output_file_mode": null,
            "output_md5": "a442e4f2883f95c2e4a250dc39d218c3",
            "output_path": "../lambdas/patch_task.zip",
            "output_sha": "d4197dc7314bc1582612626adc2fbd39aefcb090",
            "output_sha256": "9c97c48288defd02ad9106ad2d89ccd506c1894fc160b07972f1f22a60471110",
            "output_sha512": "467fa12db86ca896ab1b339f3bb4373e978a0abc53a04e24f6d3a6663f64d3e43ea3d0b75162e456ef309b7c9815e10d2b51baaf387fa22bb59a59c07c562724",
            "output_size": 287,
            "source": [],
            "source_content": null,
            "source_content_filename": null,
            "source_dir": null,
            "source_file": "../lambdas/patch_task.py",
            "type": "zip"
          },
          "sensitive_attributes": []
        }
      ]
    },
    {
      "mode": "data",
      "type": "archive_file",
      "name": "post_task_zip",
      "provider": "provider[\"registry.terraform.io/hashicorp/archive\"]",
      "instances": [
        {
          "schema_version": 0,
          "attributes": {
            "exclude_symlink_directories": null,
            "excludes": null,
            "id": "3445353f0805cb59fe739e36f88ac05509340e06",
            "output_base64sha256": "uaUOQWhuZ5YKQc32xv3r4mjZsHBdpFlletHgOwm7xM8=",
            "output_base64sha512": "leQ2ykn86pHV1/4mj5wqHLrhoiO1/Tz+hqrEv2dU2pej9z+j1gfw00uHWhLG/kgwEb9DajhW3XzpcUqlNtl4TA==",
            "output_file_mode": null,
            "output_md5": "c0bbbe6c3cdce64c5be25a9941b8e107",
            "output_path": "../lambdas/post_task.zip",
            "output_sha": "3445353f0805cb59fe739e36f88ac05509340e06",
            "output_sha256": "b9a50e41686e67960a41cdf6c6fdebe268d9b0705da459657ad1e03b09bbc4cf",
            "output_sha512": "95e436ca49fcea91d5d7fe268f9c2a1cbae1a223b5fd3cfe86aac4bf6754da97a3f73fa3d607f0d34b875a12c6fe483011bf436a3856dd7ce9714aa536d9784c",
            "output_size": 285,
            "source": [],
            "source_content": null,
            "source_content_filename": null,
            "source_dir": null,
            "source_file": "../lambdas/post_task.py",
            "type": "zip"
          },
          "sensitive_attributes": []
        }
      ]
    },
    {
      "mode": "data",
      "type": "archive_file",
      "name": "utils_zip",
      "provider": "provider[\"registry.terraform.io/hashicorp/archive\"]",
      "instances": [
        {
          "schema_version": 0,
          "attributes": {
            "exclude_symlink_directories": null,
            "excludes": null,
            "id": "6b3147e2185c9387f2d93e8d21422ef9c73e03f6",
            "output_base64sha256": "Vs93biYqXhZZFWSvcT5Rkr/nq3PlndvSIvpwdPSvpRI=",
            "output_base64sha512": "JfRn77/uDtwSaxa2wDhg7YVSIHGg+yDuld87T5qyau+UeJsyBAKup+CPHrYAkw0gV3xk+02HujINYr6A0JvmWw==",
            "output_file_mode": null,
            "output_md5": "6034d8585b028c71ba5f6d727e425bc4",
            "output_path": "../lambdas/utils.zip",
            "output_sha": "6b3147e2185c9387f2d93e8d21422ef9c73e03f6",
            "output_sha256": "56cf776e262a5e16591564af713e5192bfe7ab73e59ddbd222fa7074f4afa512",
            "output_sha512": "25f467efbfee0edc126b16b6c03860ed85522071a0fb20ee95df3b4f9ab26aef94789b320402aea7e08f1eb600930d20577c64fb4d87ba320d62be80d09be65b",
            "output_size": 427,
            "source": [],
            "source_content": null,
            "source_content_filename": null,
            "source_dir": null,
            "source_file": "../lambdas/utils.py",
            "type": "zip"
          },
          "sensitive_attributes": []
        }
      ]
    },
    {
      "mode": "data",
      "type": "aws_iam_policy",
      "name": "required_policy",
      "provider": "provider[\"registry.terraform.io/hashicorp/aws\"]",
      "instances": [
        {
          "index_key": "AWSLambdaBasicExecutionRole",
          "schema_version": 0,
          "attributes": {
            "arn": "arn:aws:iam::aws:policy/service-role/AWSLambdaBasicExecutionRole",
            "description": "Provides write permissions to CloudWatch Logs.",
            "id": "arn:aws:iam::aws:policy/service-role/AWSLambdaBasicExecutionRole",
            "name": "AWSLambdaBasicExecutionRole",
            "path": "/service-role/",
            "path_prefix": null,
            "policy": "{\n  \"Version\": \"2012-10-17\",\n  \"Statement\": [\n    {\n      \"Effect\": \"Allow\",\n      \"Action\": [\n        \"logs:CreateLogGroup\",\n        \"logs:CreateLogStream\",\n        \"logs:PutLogEvents\"\n      ],\n      \"Resource\": \"*\"\n    }\n  ]\n}",
            "policy_id": "ANPAJNCQGXC42545SKXIK",
            "tags": {}
          },
          "sensitive_attributes": []
        },
        {
          "index_key": "AmazonDynamoDBFullAccess",
          "schema_version": 0,
          "attributes": {
            "arn": "arn:aws:iam::aws:policy/AmazonDynamoDBFullAccess",
            "description": "Provides full access to Amazon DynamoDB via the AWS Management Console.",
            "id": "arn:aws:iam::aws:policy/AmazonDynamoDBFullAccess",
            "name": "AmazonDynamoDBFullAccess",
            "path": "/",
            "path_prefix": null,
            "policy": "{\n  \"Version\": \"2012-10-17\",\n  \"Statement\": [\n    {\n      \"Action\": [\n        \"dynamodb:*\",\n        \"dax:*\",\n        \"application-autoscaling:DeleteScalingPolicy\",\n        \"application-autoscaling:DeregisterScalableTarget\",\n        \"application-autoscaling:DescribeScalableTargets\",\n        \"application-autoscaling:DescribeScalingActivities\",\n        \"application-autoscaling:DescribeScalingPolicies\",\n        \"application-autoscaling:PutScalingPolicy\",\n        \"application-autoscaling:RegisterScalableTarget\",\n        \"cloudwatch:DeleteAlarms\",\n        \"cloudwatch:DescribeAlarmHistory\",\n        \"cloudwatch:DescribeAlarms\",\n        \"cloudwatch:DescribeAlarmsForMetric\",\n        \"cloudwatch:GetMetricStatistics\",\n        \"cloudwatch:ListMetrics\",\n        \"cloudwatch:PutMetricAlarm\",\n        \"cloudwatch:GetMetricData\",\n        \"datapipeline:ActivatePipeline\",\n        \"datapipeline:CreatePipeline\",\n        \"datapipeline:DeletePipeline\",\n        \"datapipeline:DescribeObjects\",\n        \"datapipeline:DescribePipelines\",\n        \"datapipeline:GetPipelineDefinition\",\n        \"datapipeline:ListPipelines\",\n        \"datapipeline:PutPipelineDefinition\",\n        \"datapipeline:QueryObjects\",\n        \"ec2:DescribeVpcs\",\n        \"ec2:DescribeSubnets\",\n        \"ec2:DescribeSecurityGroups\",\n        \"iam:GetRole\",\n        \"iam:ListRoles\",\n        \"kms:DescribeKey\",\n        \"kms:ListAliases\",\n        \"sns:CreateTopic\",\n        \"sns:DeleteTopic\",\n        \"sns:ListSubscriptions\",\n        \"sns:ListSubscriptionsByTopic\",\n        \"sns:ListTopics\",\n        \"sns:Subscribe\",\n        \"sns:Unsubscribe\",\n        \"sns:SetTopicAttributes\",\n        \"lambda:CreateFunction\",\n        \"lambda:ListFunctions\",\n        \"lambda:ListEventSourceMappings\",\n        \"lambda:CreateEventSourceMapping\",\n        \"lambda:DeleteEventSourceMapping\",\n        \"lambda:GetFunctionConfiguration\",\n        \"lambda:DeleteFunction\",\n        \"resource-groups:ListGroups\",\n        \"resource-groups:ListGroupResources\",\n        \"resource-groups:GetGroup\",\n        \"resource-groups:GetGroupQuery\",\n        \"resource-groups:DeleteGroup\",\n        \"resource-groups:CreateGroup\",\n        \"tag:GetResources\",\n        \"kinesis:ListStreams\",\n        \"kinesis:DescribeStream\",\n        \"kinesis:DescribeStreamSummary\"\n      ],\n      \"Effect\": \"Allow\",\n      \"Resource\": \"*\"\n    },\n    {\n      \"Action\": \"cloudwatch:GetInsightRuleReport\",\n      \"Effect\": \"Allow\",\n      \"Resource\": \"arn:aws:cloudwatch:*:*:insight-rule/DynamoDBContributorInsights*\"\n    },\n    {\n      \"Action\": [\n        \"iam:PassRole\"\n      ],\n      \"Effect\": \"Allow\",\n      \"Resource\": \"*\",\n      \"Condition\": {\n        \"StringLike\": {\n          \"iam:PassedToService\": [\n            \"application-autoscaling.amazonaws.com\",\n            \"application-autoscaling.amazonaws.com.cn\",\n            \"dax.amazonaws.com\"\n          ]\n        }\n      }\n    },\n    {\n      \"Effect\": \"Allow\",\n      \"Action\": [\n        \"iam:CreateServiceLinkedRole\"\n      ],\n      \"Resource\": \"*\",\n      \"Condition\": {\n        \"StringEquals\": {\n          \"iam:AWSServiceName\": [\n            \"replication.dynamodb.amazonaws.com\",\n            \"dax.amazonaws.com\",\n            \"dynamodb.application-autoscaling.amazonaws.com\",\n            \"contributorinsights.dynamodb.amazonaws.com\",\n            \"kinesisreplication.dynamodb.amazonaws.com\"\n          ]\n        }\n      }\n    }\n  ]\n}",
            "policy_id": "ANPAINUGF2JSOSUY76KYA",
            "tags": {}
          },
          "sensitive_attributes": []
        },
        {
          "index_key": "CloudWatchFullAccess",
          "schema_version": 0,
          "attributes": {
            "arn": "arn:aws:iam::aws:policy/CloudWatchFullAccess",
            "description": "Provides full access to CloudWatch.",
            "id": "arn:aws:iam::aws:policy/CloudWatchFullAccess",
            "name": "CloudWatchFullAccess",
            "path": "/",
            "path_prefix": null,
            "policy": "{\n\t\"Version\": \"2012-10-17\",\n\t\"Statement\": [\n\t\t{\n\t\t\t\"Effect\": \"Allow\",\n\t\t\t\"Action\": [\n\t\t\t\t\"autoscaling:Describe*\",\n\t\t\t\t\"cloudwatch:*\",\n\t\t\t\t\"logs:*\",\n\t\t\t\t\"sns:*\",\n\t\t\t\t\"iam:GetPolicy\",\n\t\t\t\t\"iam:GetPolicyVersion\",\n\t\t\t\t\"iam:GetRole\",\n\t\t\t\t\"oam:ListSinks\"\n\t\t\t],\n\t\t\t\"Resource\": \"*\"\n\t\t},\n\t\t{\n\t\t\t\"Effect\": \"Allow\",\n\t\t\t\"Action\": \"iam:CreateServiceLinkedRole\",\n\t\t\t\"Resource\": \"arn:aws:iam::*:role/aws-service-role/events.amazonaws.com/AWSServiceRoleForCloudWatchEvents*\",\n\t\t\t\"Condition\": {\n\t\t\t\t\"StringLike\": {\n\t\t\t\t\t\"iam:AWSServiceName\": \"events.amazonaws.com\"\n\t\t\t\t}\n\t\t\t}\n\t\t},\n\t\t{\n\t\t\t\"Effect\": \"Allow\",\n\t\t\t\"Action\": [\n\t\t\t\t\"oam:ListAttachedLinks\"\n\t\t\t],\n\t\t\t\"Resource\": \"arn:aws:oam:*:*:sink/*\"\n\t\t}\n\t]\n}",
            "policy_id": "ANPAIKEABORKUXN6DEAZU",
            "tags": {}
          },
          "sensitive_attributes": []
        }
      ]
    },
    {
      "mode": "managed",
      "type": "aws_apigatewayv2_api",
      "name": "lambda_gateway",
      "provider": "provider[\"registry.terraform.io/hashicorp/aws\"]",
      "instances": [
        {
          "schema_version": 0,
          "attributes": {
            "api_endpoint": "https://zztjxk75ik.execute-api.us-east-1.amazonaws.com",
            "api_key_selection_expression": "$request.header.x-api-key",
            "arn": "arn:aws:apigateway:us-east-1::/apis/zztjxk75ik",
            "body": null,
            "cors_configuration": [],
            "credentials_arn": null,
            "description": "HTTP Task Scheduler Gateway",
            "disable_execute_api_endpoint": false,
            "execution_arn": "arn:aws:execute-api:us-east-1:073534612512:zztjxk75ik",
            "fail_on_warnings": null,
            "id": "zztjxk75ik",
            "name": "task_scheduler_http_gateway",
            "protocol_type": "HTTP",
            "route_key": null,
            "route_selection_expression": "$request.method $request.path",
            "tags": {},
            "tags_all": {},
            "target": null,
            "version": ""
          },
          "sensitive_attributes": [],
          "private": "bnVsbA=="
        }
      ]
    },
    {
      "mode": "managed",
      "type": "aws_apigatewayv2_authorizer",
      "name": "authorizer",
      "provider": "provider[\"registry.terraform.io/hashicorp/aws\"]",
      "instances": [
        {
          "schema_version": 0,
          "attributes": {
            "api_id": "zztjxk75ik",
            "authorizer_credentials_arn": "",
            "authorizer_payload_format_version": "",
            "authorizer_result_ttl_in_seconds": 0,
            "authorizer_type": "JWT",
            "authorizer_uri": "",
            "enable_simple_responses": false,
            "id": "3c3823",
            "identity_sources": [
              "$request.header.Authorization"
            ],
            "jwt_configuration": [
              {
                "audience": [
                  "4li85ui3q6r6fjjl1aqecajcjh"
                ],
                "issuer": "https://cognito-idp.us-east-1.amazonaws.com/us-east-1_xtI3Ld4rw"
              }
            ],
            "name": "cognito_authorizer"
          },
          "sensitive_attributes": [],
          "private": "bnVsbA==",
          "dependencies": [
            "aws_apigatewayv2_api.lambda_gateway",
            "aws_cognito_user_pool.user_pool",
            "aws_cognito_user_pool_client.client"
          ]
        }
      ]
    },
    {
      "mode": "managed",
      "type": "aws_apigatewayv2_integration",
      "name": "task_delete_integration",
      "provider": "provider[\"registry.terraform.io/hashicorp/aws\"]",
      "instances": [
        {
          "schema_version": 0,
          "attributes": {
            "api_id": "zztjxk75ik",
            "connection_id": "",
            "connection_type": "INTERNET",
            "content_handling_strategy": "",
            "credentials_arn": "",
            "description": "",
            "id": "qanyu4g",
            "integration_method": "POST",
            "integration_response_selection_expression": "",
            "integration_subtype": "",
            "integration_type": "AWS_PROXY",
            "integration_uri": "arn:aws:apigateway:us-east-1:lambda:path/2015-03-31/functions/arn:aws:lambda:us-east-1:073534612512:function:delete_task/invocations",
            "passthrough_behavior": "",
            "payload_format_version": "1.0",
            "request_parameters": {},
            "request_templates": {},
            "response_parameters": [],
            "template_selection_expression": "",
            "timeout_milliseconds": 30000,
            "tls_config": []
          },
          "sensitive_attributes": [],
          "private": "bnVsbA==",
          "dependencies": [
            "aws_apigatewayv2_api.lambda_gateway",
            "aws_dynamodb_table.scheduler_db",
            "aws_iam_role.lambda_iam",
            "aws_iam_role_policy_attachment.lambda-policy",
            "aws_lambda_function.delete_task",
            "data.aws_iam_policy.required_policy"
          ]
        }
      ]
    },
    {
      "mode": "managed",
      "type": "aws_apigatewayv2_integration",
      "name": "task_get_integration",
      "provider": "provider[\"registry.terraform.io/hashicorp/aws\"]",
      "instances": [
        {
          "schema_version": 0,
          "attributes": {
            "api_id": "zztjxk75ik",
            "connection_id": "",
            "connection_type": "INTERNET",
            "content_handling_strategy": "",
            "credentials_arn": "",
            "description": "",
            "id": "1ch7ltb",
            "integration_method": "POST",
            "integration_response_selection_expression": "",
            "integration_subtype": "",
            "integration_type": "AWS_PROXY",
            "integration_uri": "arn:aws:apigateway:us-east-1:lambda:path/2015-03-31/functions/arn:aws:lambda:us-east-1:073534612512:function:get_task/invocations",
            "passthrough_behavior": "",
            "payload_format_version": "1.0",
            "request_parameters": {},
            "request_templates": {},
            "response_parameters": [],
            "template_selection_expression": "",
            "timeout_milliseconds": 30000,
            "tls_config": []
          },
          "sensitive_attributes": [],
          "private": "bnVsbA==",
          "dependencies": [
            "aws_apigatewayv2_api.lambda_gateway",
            "aws_dynamodb_table.scheduler_db",
            "aws_iam_role.lambda_iam",
            "aws_iam_role_policy_attachment.lambda-policy",
            "aws_lambda_function.get_task",
            "data.aws_iam_policy.required_policy"
          ]
        }
      ]
    },
    {
      "mode": "managed",
      "type": "aws_apigatewayv2_integration",
      "name": "task_patch_integration",
      "provider": "provider[\"registry.terraform.io/hashicorp/aws\"]",
      "instances": [
        {
          "schema_version": 0,
          "attributes": {
            "api_id": "zztjxk75ik",
            "connection_id": "",
            "connection_type": "INTERNET",
            "content_handling_strategy": "",
            "credentials_arn": "",
            "description": "",
            "id": "7a8m3ij",
            "integration_method": "POST",
            "integration_response_selection_expression": "",
            "integration_subtype": "",
            "integration_type": "AWS_PROXY",
            "integration_uri": "arn:aws:apigateway:us-east-1:lambda:path/2015-03-31/functions/arn:aws:lambda:us-east-1:073534612512:function:patch_task/invocations",
            "passthrough_behavior": "",
            "payload_format_version": "1.0",
            "request_parameters": {},
            "request_templates": {},
            "response_parameters": [],
            "template_selection_expression": "",
            "timeout_milliseconds": 30000,
            "tls_config": []
          },
          "sensitive_attributes": [],
          "private": "bnVsbA==",
          "dependencies": [
            "aws_apigatewayv2_api.lambda_gateway",
            "aws_dynamodb_table.scheduler_db",
            "aws_iam_role.lambda_iam",
            "aws_iam_role_policy_attachment.lambda-policy",
            "aws_lambda_function.patch_task",
            "data.aws_iam_policy.required_policy"
          ]
        }
      ]
    },
    {
      "mode": "managed",
      "type": "aws_apigatewayv2_integration",
      "name": "task_post_integration",
      "provider": "provider[\"registry.terraform.io/hashicorp/aws\"]",
      "instances": [
        {
          "schema_version": 0,
          "attributes": {
            "api_id": "zztjxk75ik",
            "connection_id": "",
            "connection_type": "INTERNET",
            "content_handling_strategy": "",
            "credentials_arn": "",
            "description": "",
            "id": "5v5g6jh",
            "integration_method": "POST",
            "integration_response_selection_expression": "",
            "integration_subtype": "",
            "integration_type": "AWS_PROXY",
            "integration_uri": "arn:aws:apigateway:us-east-1:lambda:path/2015-03-31/functions/arn:aws:lambda:us-east-1:073534612512:function:post_task/invocations",
            "passthrough_behavior": "",
            "payload_format_version": "1.0",
            "request_parameters": {},
            "request_templates": {},
            "response_parameters": [],
            "template_selection_expression": "",
            "timeout_milliseconds": 30000,
            "tls_config": []
          },
          "sensitive_attributes": [],
          "private": "bnVsbA==",
          "dependencies": [
            "aws_apigatewayv2_api.lambda_gateway",
            "aws_dynamodb_table.scheduler_db",
            "aws_iam_role.lambda_iam",
            "aws_iam_role_policy_attachment.lambda-policy",
            "aws_lambda_function.post_task",
            "data.aws_iam_policy.required_policy"
          ]
        }
      ]
    },
    {
      "mode": "managed",
      "type": "aws_apigatewayv2_integration",
      "name": "tasks_get_integration",
      "provider": "provider[\"registry.terraform.io/hashicorp/aws\"]",
      "instances": [
        {
          "schema_version": 0,
          "attributes": {
            "api_id": "zztjxk75ik",
            "connection_id": "",
            "connection_type": "INTERNET",
            "content_handling_strategy": "",
            "credentials_arn": "",
            "description": "",
            "id": "94yv9t6",
            "integration_method": "POST",
            "integration_response_selection_expression": "",
            "integration_subtype": "",
            "integration_type": "AWS_PROXY",
            "integration_uri": "arn:aws:apigateway:us-east-1:lambda:path/2015-03-31/functions/arn:aws:lambda:us-east-1:073534612512:function:get_task/invocations",
            "passthrough_behavior": "",
            "payload_format_version": "1.0",
            "request_parameters": {},
            "request_templates": {},
            "response_parameters": [],
            "template_selection_expression": "",
            "timeout_milliseconds": 30000,
            "tls_config": []
          },
          "sensitive_attributes": [],
          "private": "bnVsbA==",
          "dependencies": [
            "aws_apigatewayv2_api.lambda_gateway",
            "aws_dynamodb_table.scheduler_db",
            "aws_iam_role.lambda_iam",
            "aws_iam_role_policy_attachment.lambda-policy",
            "aws_lambda_function.get_task",
            "data.aws_iam_policy.required_policy"
          ]
        }
      ]
    },
    {
      "mode": "managed",
      "type": "aws_apigatewayv2_route",
      "name": "task_delete_route",
      "provider": "provider[\"registry.terraform.io/hashicorp/aws\"]",
      "instances": [
        {
          "schema_version": 0,
          "attributes": {
            "api_id": "zztjxk75ik",
            "api_key_required": false,
            "authorization_scopes": [],
            "authorization_type": "JWT",
            "authorizer_id": "3c3823",
            "id": "66wtvo6",
            "model_selection_expression": "",
            "operation_name": "",
            "request_models": {},
            "request_parameter": [],
            "route_key": "DELETE /task",
            "route_response_selection_expression": "",
            "target": "integrations/qanyu4g"
          },
          "sensitive_attributes": [],
          "private": "bnVsbA==",
          "dependencies": [
            "aws_apigatewayv2_api.lambda_gateway",
            "aws_apigatewayv2_authorizer.authorizer",
            "aws_apigatewayv2_integration.task_delete_integration",
            "aws_cognito_user_pool.user_pool",
            "aws_cognito_user_pool_client.client",
            "aws_dynamodb_table.scheduler_db",
            "aws_iam_role.lambda_iam",
            "aws_iam_role_policy_attachment.lambda-policy",
            "aws_lambda_function.delete_task",
            "data.aws_iam_policy.required_policy"
          ]
        }
      ]
    },
    {
      "mode": "managed",
      "type": "aws_apigatewayv2_route",
      "name": "task_get_route",
      "provider": "provider[\"registry.terraform.io/hashicorp/aws\"]",
      "instances": [
        {
          "schema_version": 0,
          "attributes": {
            "api_id": "zztjxk75ik",
            "api_key_required": false,
            "authorization_scopes": [],
            "authorization_type": "JWT",
            "authorizer_id": "3c3823",
            "id": "6uxdyyd",
            "model_selection_expression": "",
            "operation_name": "",
            "request_models": {},
            "request_parameter": [],
            "route_key": "GET /task",
            "route_response_selection_expression": "",
            "target": "integrations/1ch7ltb"
          },
          "sensitive_attributes": [],
          "private": "bnVsbA==",
          "dependencies": [
            "aws_apigatewayv2_api.lambda_gateway",
            "aws_apigatewayv2_authorizer.authorizer",
            "aws_apigatewayv2_integration.task_get_integration",
            "aws_cognito_user_pool.user_pool",
            "aws_cognito_user_pool_client.client",
            "aws_dynamodb_table.scheduler_db",
            "aws_iam_role.lambda_iam",
            "aws_iam_role_policy_attachment.lambda-policy",
            "aws_lambda_function.get_task",
            "data.aws_iam_policy.required_policy"
          ]
        }
      ]
    },
    {
      "mode": "managed",
      "type": "aws_apigatewayv2_route",
      "name": "task_patch_route",
      "provider": "provider[\"registry.terraform.io/hashicorp/aws\"]",
      "instances": [
        {
          "schema_version": 0,
          "attributes": {
            "api_id": "zztjxk75ik",
            "api_key_required": false,
            "authorization_scopes": [],
            "authorization_type": "JWT",
            "authorizer_id": "3c3823",
            "id": "yyw2dak",
            "model_selection_expression": "",
            "operation_name": "",
            "request_models": {},
            "request_parameter": [],
            "route_key": "PATCH /task",
            "route_response_selection_expression": "",
            "target": "integrations/7a8m3ij"
          },
          "sensitive_attributes": [],
          "private": "bnVsbA==",
          "dependencies": [
            "aws_apigatewayv2_api.lambda_gateway",
            "aws_apigatewayv2_authorizer.authorizer",
            "aws_apigatewayv2_integration.task_patch_integration",
            "aws_cognito_user_pool.user_pool",
            "aws_cognito_user_pool_client.client",
            "aws_dynamodb_table.scheduler_db",
            "aws_iam_role.lambda_iam",
            "aws_iam_role_policy_attachment.lambda-policy",
            "aws_lambda_function.patch_task",
            "data.aws_iam_policy.required_policy"
          ]
        }
      ]
    },
    {
      "mode": "managed",
      "type": "aws_apigatewayv2_route",
      "name": "task_post_route",
      "provider": "provider[\"registry.terraform.io/hashicorp/aws\"]",
      "instances": [
        {
          "schema_version": 0,
          "attributes": {
            "api_id": "zztjxk75ik",
            "api_key_required": false,
            "authorization_scopes": [],
            "authorization_type": "JWT",
            "authorizer_id": "3c3823",
            "id": "mnw52wc",
            "model_selection_expression": "",
            "operation_name": "",
            "request_models": {},
            "request_parameter": [],
            "route_key": "POST /task",
            "route_response_selection_expression": "",
            "target": "integrations/5v5g6jh"
          },
          "sensitive_attributes": [],
          "private": "bnVsbA==",
          "dependencies": [
            "aws_apigatewayv2_api.lambda_gateway",
            "aws_apigatewayv2_authorizer.authorizer",
            "aws_apigatewayv2_integration.task_post_integration",
            "aws_cognito_user_pool.user_pool",
            "aws_cognito_user_pool_client.client",
            "aws_dynamodb_table.scheduler_db",
            "aws_iam_role.lambda_iam",
            "aws_iam_role_policy_attachment.lambda-policy",
            "aws_lambda_function.post_task",
            "data.aws_iam_policy.required_policy"
          ]
        }
      ]
    },
    {
      "mode": "managed",
      "type": "aws_apigatewayv2_route",
      "name": "tasks_get_route",
      "provider": "provider[\"registry.terraform.io/hashicorp/aws\"]",
      "instances": [
        {
          "schema_version": 0,
          "attributes": {
            "api_id": "zztjxk75ik",
            "api_key_required": false,
            "authorization_scopes": [],
            "authorization_type": "JWT",
            "authorizer_id": "3c3823",
            "id": "rafvods",
            "model_selection_expression": "",
            "operation_name": "",
            "request_models": {},
            "request_parameter": [],
            "route_key": "GET /tasks",
            "route_response_selection_expression": "",
            "target": "integrations/94yv9t6"
          },
          "sensitive_attributes": [],
          "private": "bnVsbA==",
          "dependencies": [
            "aws_apigatewayv2_api.lambda_gateway",
            "aws_apigatewayv2_authorizer.authorizer",
            "aws_apigatewayv2_integration.tasks_get_integration",
            "aws_cognito_user_pool.user_pool",
            "aws_cognito_user_pool_client.client",
            "aws_dynamodb_table.scheduler_db",
            "aws_iam_role.lambda_iam",
            "aws_iam_role_policy_attachment.lambda-policy",
            "aws_lambda_function.get_task",
            "data.aws_iam_policy.required_policy"
          ]
        }
      ]
    },
    {
      "mode": "managed",
      "type": "aws_apigatewayv2_stage",
      "name": "lambda_stage",
      "provider": "provider[\"registry.terraform.io/hashicorp/aws\"]",
      "instances": [
        {
          "schema_version": 0,
          "attributes": {
            "access_log_settings": [
              {
                "destination_arn": "arn:aws:logs:us-east-1:073534612512:log-group:/aws/lambda/task_scheduler_http_gateway",
                "format": "{\"caller\":\"$context.identity.caller\",\"errorMessage\":\"$context.error.message\",\"errorResponseType\":\"$context.error.responseType\",\"extendedRequestId\":\"$context.extendedRequestId\",\"httpMethod\":\"$context.httpMethod\",\"integrationErrorMessage\":\"$context.integrationErrorMessage\",\"ip\":\"$context.identity.sourceIp\",\"protocol\":\"$context.protocol\",\"requestId\":\"$context.requestId\",\"requestTime\":\"$context.requestTime\",\"resourcePath\":\"$context.resourcePath\",\"responseLength\":\"$context.responseLength\",\"status\":\"$context.status\",\"user\":\"$context.identity.user\"}"
              }
            ],
            "api_id": "zztjxk75ik",
            "arn": "arn:aws:apigateway:us-east-1::/apis/zztjxk75ik/stages/prod",
            "auto_deploy": true,
            "client_certificate_id": "",
            "default_route_settings": [
              {
                "data_trace_enabled": false,
                "detailed_metrics_enabled": false,
                "logging_level": "",
                "throttling_burst_limit": 0,
                "throttling_rate_limit": 0
              }
            ],
            "deployment_id": "mmozh0",
            "description": "",
            "execution_arn": "arn:aws:execute-api:us-east-1:073534612512:zztjxk75ik/prod",
            "id": "prod",
            "invoke_url": "https://zztjxk75ik.execute-api.us-east-1.amazonaws.com/prod",
            "name": "prod",
            "route_settings": [],
            "stage_variables": {},
            "tags": {},
            "tags_all": {}
          },
          "sensitive_attributes": [],
          "private": "bnVsbA==",
          "dependencies": [
            "aws_apigatewayv2_api.lambda_gateway",
            "aws_cloudwatch_log_group.api_gateway"
          ]
        }
      ]
    },
    {
      "mode": "managed",
      "type": "aws_budgets_budget",
      "name": "scheduler_budget",
      "provider": "provider[\"registry.terraform.io/hashicorp/aws\"]",
      "instances": [
        {
          "schema_version": 0,
          "attributes": {
            "account_id": "073534612512",
            "arn": "arn:aws:budgets::073534612512:budget/scheduler_budget",
            "auto_adjust_data": [],
            "budget_type": "COST",
            "cost_filter": [],
            "cost_types": [
              {
                "include_credit": true,
                "include_discount": true,
                "include_other_subscription": true,
                "include_recurring": true,
                "include_refund": true,
                "include_subscription": true,
                "include_support": true,
                "include_tax": true,
                "include_upfront": true,
                "use_amortized": false,
                "use_blended": false
              }
            ],
            "id": "073534612512:scheduler_budget",
            "limit_amount": "10.0",
            "limit_unit": "USD",
            "name": "scheduler_budget",
            "name_prefix": "",
            "notification": [
              {
                "comparison_operator": "GREATER_THAN",
                "notification_type": "FORECASTED",
                "subscriber_email_addresses": [
                  "ryanwonghc55@gmail.com"
                ],
                "subscriber_sns_topic_arns": [],
                "threshold": 100,
                "threshold_type": "PERCENTAGE"
              }
            ],
            "planned_limit": [],
            "time_period_end": "2087-06-15_00:00",
            "time_period_start": "2023-10-04_00:00",
            "time_unit": "MONTHLY"
          },
          "sensitive_attributes": [],
          "private": "bnVsbA=="
        }
      ]
    },
    {
      "mode": "managed",
      "type": "aws_cloudwatch_log_group",
      "name": "api_gateway",
      "provider": "provider[\"registry.terraform.io/hashicorp/aws\"]",
      "instances": [
        {
          "schema_version": 0,
          "attributes": {
            "arn": "arn:aws:logs:us-east-1:073534612512:log-group:/aws/lambda/task_scheduler_http_gateway",
            "id": "/aws/lambda/task_scheduler_http_gateway",
            "kms_key_id": "",
            "name": "/aws/lambda/task_scheduler_http_gateway",
            "name_prefix": "",
            "retention_in_days": 14,
            "skip_destroy": false,
            "tags": {},
            "tags_all": {}
          },
          "sensitive_attributes": [],
          "private": "bnVsbA==",
          "dependencies": [
            "aws_apigatewayv2_api.lambda_gateway"
          ]
        }
      ]
    },
    {
      "mode": "managed",
      "type": "aws_cloudwatch_log_group",
      "name": "api_gateway_delete",
      "provider": "provider[\"registry.terraform.io/hashicorp/aws\"]",
      "instances": [
        {
          "schema_version": 0,
          "attributes": {
            "arn": "arn:aws:logs:us-east-1:073534612512:log-group:/aws/lambda/delete_task",
            "id": "/aws/lambda/delete_task",
            "kms_key_id": "",
            "name": "/aws/lambda/delete_task",
            "name_prefix": "",
            "retention_in_days": 14,
            "skip_destroy": false,
            "tags": {},
            "tags_all": {}
          },
          "sensitive_attributes": [],
          "private": "bnVsbA==",
          "dependencies": [
            "aws_dynamodb_table.scheduler_db",
            "aws_iam_role.lambda_iam",
            "aws_iam_role_policy_attachment.lambda-policy",
            "aws_lambda_function.delete_task",
            "data.aws_iam_policy.required_policy"
          ]
        }
      ]
    },
    {
      "mode": "managed",
      "type": "aws_cloudwatch_log_group",
      "name": "api_gateway_get",
      "provider": "provider[\"registry.terraform.io/hashicorp/aws\"]",
      "instances": [
        {
          "schema_version": 0,
          "attributes": {
            "arn": "arn:aws:logs:us-east-1:073534612512:log-group:/aws/lambda/get_task",
            "id": "/aws/lambda/get_task",
            "kms_key_id": "",
            "name": "/aws/lambda/get_task",
            "name_prefix": "",
            "retention_in_days": 14,
            "skip_destroy": false,
            "tags": {},
            "tags_all": {}
          },
          "sensitive_attributes": [],
          "private": "bnVsbA==",
          "dependencies": [
            "aws_dynamodb_table.scheduler_db",
            "aws_iam_role.lambda_iam",
            "aws_iam_role_policy_attachment.lambda-policy",
            "aws_lambda_function.get_task",
            "data.aws_iam_policy.required_policy"
          ]
        }
      ]
    },
    {
      "mode": "managed",
      "type": "aws_cloudwatch_log_group",
      "name": "api_gateway_patch",
      "provider": "provider[\"registry.terraform.io/hashicorp/aws\"]",
      "instances": [
        {
          "schema_version": 0,
          "attributes": {
            "arn": "arn:aws:logs:us-east-1:073534612512:log-group:/aws/lambda/patch_task",
            "id": "/aws/lambda/patch_task",
            "kms_key_id": "",
            "name": "/aws/lambda/patch_task",
            "name_prefix": "",
            "retention_in_days": 14,
            "skip_destroy": false,
            "tags": {},
            "tags_all": {}
          },
          "sensitive_attributes": [],
          "private": "bnVsbA==",
          "dependencies": [
            "aws_dynamodb_table.scheduler_db",
            "aws_iam_role.lambda_iam",
            "aws_iam_role_policy_attachment.lambda-policy",
            "aws_lambda_function.patch_task",
            "data.aws_iam_policy.required_policy"
          ]
        }
      ]
    },
    {
      "mode": "managed",
      "type": "aws_cloudwatch_log_group",
      "name": "api_gateway_post",
      "provider": "provider[\"registry.terraform.io/hashicorp/aws\"]",
      "instances": [
        {
          "schema_version": 0,
          "attributes": {
            "arn": "arn:aws:logs:us-east-1:073534612512:log-group:/aws/lambda/post_task",
            "id": "/aws/lambda/post_task",
            "kms_key_id": "",
            "name": "/aws/lambda/post_task",
            "name_prefix": "",
            "retention_in_days": 14,
            "skip_destroy": false,
            "tags": {},
            "tags_all": {}
          },
          "sensitive_attributes": [],
          "private": "bnVsbA==",
          "dependencies": [
            "aws_dynamodb_table.scheduler_db",
            "aws_iam_role.lambda_iam",
            "aws_iam_role_policy_attachment.lambda-policy",
            "aws_lambda_function.post_task",
            "data.aws_iam_policy.required_policy"
          ]
        }
      ]
    },
    {
      "mode": "managed",
      "type": "aws_cognito_user_pool",
      "name": "user_pool",
      "provider": "provider[\"registry.terraform.io/hashicorp/aws\"]",
      "instances": [
        {
          "schema_version": 0,
          "attributes": {
            "account_recovery_setting": [
              {
                "recovery_mechanism": [
                  {
                    "name": "verified_email",
                    "priority": 1
                  },
                  {
                    "name": "verified_phone_number",
                    "priority": 2
                  }
                ]
              }
            ],
            "admin_create_user_config": [
              {
                "allow_admin_create_user_only": false,
                "invite_message_template": []
              }
            ],
            "alias_attributes": null,
            "arn": "arn:aws:cognito-idp:us-east-1:073534612512:userpool/us-east-1_xtI3Ld4rw",
            "auto_verified_attributes": [],
            "creation_date": "2023-11-23T05:42:33Z",
            "custom_domain": "",
            "deletion_protection": "INACTIVE",
            "device_configuration": [],
            "domain": "task-sched-domain",
            "email_configuration": [
              {
                "configuration_set": "",
                "email_sending_account": "COGNITO_DEFAULT",
                "from_email_address": "",
                "reply_to_email_address": "",
                "source_arn": ""
              }
            ],
            "email_verification_message": "",
            "email_verification_subject": "",
            "endpoint": "cognito-idp.us-east-1.amazonaws.com/us-east-1_xtI3Ld4rw",
            "estimated_number_of_users": 1,
            "id": "us-east-1_xtI3Ld4rw",
            "lambda_config": [],
            "last_modified_date": "2023-11-23T05:42:33Z",
            "mfa_configuration": "OFF",
            "name": "user_pool",
            "password_policy": [
              {
                "minimum_length": 8,
                "require_lowercase": true,
                "require_numbers": true,
                "require_symbols": true,
                "require_uppercase": true,
                "temporary_password_validity_days": 7
              }
            ],
            "schema": [],
            "sms_authentication_message": "",
            "sms_configuration": [],
            "sms_verification_message": "",
            "software_token_mfa_configuration": [],
            "tags": {},
            "tags_all": {},
            "user_attribute_update_settings": [],
            "user_pool_add_ons": [],
            "username_attributes": [],
            "username_configuration": [],
            "verification_message_template": [
              {
                "default_email_option": "CONFIRM_WITH_CODE",
                "email_message": "",
                "email_message_by_link": "",
                "email_subject": "",
                "email_subject_by_link": "",
                "sms_message": ""
              }
            ]
          },
          "sensitive_attributes": [],
          "private": "bnVsbA=="
        }
      ]
    },
    {
      "mode": "managed",
      "type": "aws_cognito_user_pool_client",
      "name": "client",
      "provider": "provider[\"registry.terraform.io/hashicorp/aws\"]",
      "instances": [
        {
          "schema_version": 0,
          "attributes": {
            "access_token_validity": 0,
            "allowed_oauth_flows": [
              "implicit"
            ],
            "allowed_oauth_flows_user_pool_client": true,
            "allowed_oauth_scopes": [
              "email",
              "openid"
            ],
            "analytics_configuration": [],
            "auth_session_validity": 3,
            "callback_urls": [
              "https://example.com/callback"
            ],
            "client_secret": "",
            "default_redirect_uri": "",
            "enable_propagate_additional_user_context_data": false,
            "enable_token_revocation": true,
            "explicit_auth_flows": [
              "ALLOW_REFRESH_TOKEN_AUTH",
              "ALLOW_USER_PASSWORD_AUTH",
              "ALLOW_USER_SRP_AUTH"
            ],
            "generate_secret": null,
            "id": "4li85ui3q6r6fjjl1aqecajcjh",
            "id_token_validity": 0,
            "logout_urls": [],
            "name": "client",
            "prevent_user_existence_errors": "",
            "read_attributes": [],
            "refresh_token_validity": 30,
            "supported_identity_providers": [
              "COGNITO"
            ],
            "token_validity_units": [],
            "user_pool_id": "us-east-1_xtI3Ld4rw",
            "write_attributes": []
          },
          "sensitive_attributes": [],
          "dependencies": [
            "aws_cognito_user_pool.user_pool"
          ]
        }
      ]
    },
    {
      "mode": "managed",
      "type": "aws_cognito_user_pool_domain",
      "name": "main",
      "provider": "provider[\"registry.terraform.io/hashicorp/aws\"]",
      "instances": [
        {
          "schema_version": 0,
          "attributes": {
            "aws_account_id": "073534612512",
            "certificate_arn": "",
            "cloudfront_distribution": "d3oia8etllorh5.cloudfront.net",
            "cloudfront_distribution_arn": "d3oia8etllorh5.cloudfront.net",
            "cloudfront_distribution_zone_id": "Z2FDTNDATAQYW2",
            "domain": "task-sched-domain",
            "id": "task-sched-domain",
            "s3_bucket": "aws-cognito-prod-iad-assets",
            "user_pool_id": "us-east-1_xtI3Ld4rw",
            "version": "20231127014543"
          },
          "sensitive_attributes": [],
          "private": "bnVsbA==",
          "dependencies": [
            "aws_cognito_user_pool.user_pool"
          ]
        }
      ]
    },
    {
      "mode": "managed",
      "type": "aws_dynamodb_table",
      "name": "scheduler_db",
      "provider": "provider[\"registry.terraform.io/hashicorp/aws\"]",
      "instances": [
        {
          "schema_version": 1,
          "attributes": {
            "arn": "arn:aws:dynamodb:us-east-1:073534612512:table/scheduler_db",
            "attribute": [
              {
                "name": "TaskId",
                "type": "S"
              },
              {
                "name": "UserId",
                "type": "S"
              }
            ],
            "billing_mode": "PROVISIONED",
            "deletion_protection_enabled": false,
            "global_secondary_index": [],
            "hash_key": "UserId",
            "id": "scheduler_db",
            "import_table": [],
            "local_secondary_index": [],
            "name": "scheduler_db",
            "point_in_time_recovery": [
              {
                "enabled": true
              }
            ],
            "range_key": "TaskId",
            "read_capacity": 20,
            "replica": [],
            "restore_date_time": null,
            "restore_source_name": null,
            "restore_to_latest_time": null,
            "server_side_encryption": [],
            "stream_arn": "",
            "stream_enabled": false,
            "stream_label": "",
            "stream_view_type": "",
            "table_class": "STANDARD",
            "tags": {},
            "tags_all": {},
            "timeouts": null,
            "ttl": [
              {
                "attribute_name": "expiryPeriod",
                "enabled": true
              }
            ],
            "write_capacity": 20
          },
          "sensitive_attributes": [],
          "private": "eyJlMmJmYjczMC1lY2FhLTExZTYtOGY4OC0zNDM2M2JjN2M0YzAiOnsiY3JlYXRlIjoxODAwMDAwMDAwMDAwLCJkZWxldGUiOjYwMDAwMDAwMDAwMCwidXBkYXRlIjozNjAwMDAwMDAwMDAwfSwic2NoZW1hX3ZlcnNpb24iOiIxIn0="
        }
      ]
    },
    {
      "mode": "managed",
      "type": "aws_iam_role",
      "name": "lambda_iam",
      "provider": "provider[\"registry.terraform.io/hashicorp/aws\"]",
      "instances": [
        {
          "schema_version": 0,
          "attributes": {
            "arn": "arn:aws:iam::073534612512:role/lambda_iam",
            "assume_role_policy": "{\"Statement\":[{\"Action\":\"sts:AssumeRole\",\"Effect\":\"Allow\",\"Principal\":{\"Service\":\"lambda.amazonaws.com\"}}],\"Version\":\"2012-10-17\"}",
            "create_date": "2023-10-31T00:08:22Z",
            "description": "",
            "force_detach_policies": false,
            "id": "lambda_iam",
            "inline_policy": [
              {
                "name": "dynamodb_lambda_policy",
                "policy": "{\"Version\":\"2012-10-17\",\"Statement\":[{\"Action\":[\"dynamodb:*\"],\"Effect\":\"Allow\",\"Resource\":\"arn:aws:dynamodb:us-east-1:073534612512:table/scheduler_db\"}]}"
              },
              {
                "name": "lambda_logging",
                "policy": "{\"Version\":\"2012-10-17\",\"Statement\":[{\"Action\":[\"logs:CreateLogGroup\",\"logs:CreateLogStream\",\"logs:PutLogEvents\"],\"Effect\":\"Allow\",\"Resource\":[\"arn:aws:logs:*:*:*\"]}]}"
              }
            ],
            "managed_policy_arns": [
              "arn:aws:iam::aws:policy/AmazonDynamoDBFullAccess",
              "arn:aws:iam::aws:policy/CloudWatchFullAccess",
              "arn:aws:iam::aws:policy/service-role/AWSLambdaBasicExecutionRole"
            ],
            "max_session_duration": 3600,
            "name": "lambda_iam",
            "name_prefix": "",
            "path": "/",
            "permissions_boundary": "",
            "tags": {},
            "tags_all": {},
            "unique_id": "AROARCHYBEQQNC4WI3WFJ"
          },
          "sensitive_attributes": [],
          "private": "bnVsbA=="
        }
      ]
    },
    {
      "mode": "managed",
      "type": "aws_iam_role_policy",
      "name": "dynamodb_lambda_policy",
      "provider": "provider[\"registry.terraform.io/hashicorp/aws\"]",
      "instances": [
        {
          "schema_version": 0,
          "attributes": {
            "id": "lambda_iam:dynamodb_lambda_policy",
            "name": "dynamodb_lambda_policy",
            "name_prefix": "",
            "policy": "{\"Version\":\"2012-10-17\",\"Statement\":[{\"Action\":[\"dynamodb:*\"],\"Effect\":\"Allow\",\"Resource\":\"arn:aws:dynamodb:us-east-1:073534612512:table/scheduler_db\"}]}",
            "role": "lambda_iam"
          },
          "sensitive_attributes": [],
          "private": "bnVsbA==",
          "dependencies": [
            "aws_dynamodb_table.scheduler_db",
            "aws_iam_role.lambda_iam"
          ]
        }
      ]
    },
    {
      "mode": "managed",
      "type": "aws_iam_role_policy",
      "name": "lambda_logging",
      "provider": "provider[\"registry.terraform.io/hashicorp/aws\"]",
      "instances": [
        {
          "schema_version": 0,
          "attributes": {
            "id": "lambda_iam:lambda_logging",
            "name": "lambda_logging",
            "name_prefix": "",
            "policy": "{\"Version\":\"2012-10-17\",\"Statement\":[{\"Action\":[\"logs:CreateLogGroup\",\"logs:CreateLogStream\",\"logs:PutLogEvents\"],\"Effect\":\"Allow\",\"Resource\":[\"arn:aws:logs:*:*:*\"]}]}",
            "role": "lambda_iam"
          },
          "sensitive_attributes": [],
          "private": "bnVsbA==",
          "dependencies": [
            "aws_iam_role.lambda_iam"
          ]
        }
      ]
    },
    {
      "mode": "managed",
      "type": "aws_iam_role_policy_attachment",
      "name": "lambda-policy",
      "provider": "provider[\"registry.terraform.io/hashicorp/aws\"]",
      "instances": [
        {
          "index_key": "AWSLambdaBasicExecutionRole",
          "schema_version": 0,
          "attributes": {
            "id": "lambda_iam-20231031000822604200000001",
            "policy_arn": "arn:aws:iam::aws:policy/service-role/AWSLambdaBasicExecutionRole",
            "role": "lambda_iam"
          },
          "sensitive_attributes": [],
          "private": "bnVsbA==",
          "dependencies": [
            "aws_iam_role.lambda_iam",
            "data.aws_iam_policy.required_policy"
          ]
        },
        {
          "index_key": "AmazonDynamoDBFullAccess",
          "schema_version": 0,
          "attributes": {
            "id": "lambda_iam-20231031000832300600000003",
            "policy_arn": "arn:aws:iam::aws:policy/AmazonDynamoDBFullAccess",
            "role": "lambda_iam"
          },
          "sensitive_attributes": [],
          "private": "bnVsbA==",
          "dependencies": [
            "aws_iam_role.lambda_iam",
            "data.aws_iam_policy.required_policy"
          ]
        },
        {
          "index_key": "CloudWatchFullAccess",
          "schema_version": 0,
          "attributes": {
            "id": "lambda_iam-20231031000831027100000002",
            "policy_arn": "arn:aws:iam::aws:policy/CloudWatchFullAccess",
            "role": "lambda_iam"
          },
          "sensitive_attributes": [],
          "private": "bnVsbA==",
          "dependencies": [
            "aws_iam_role.lambda_iam",
            "data.aws_iam_policy.required_policy"
          ]
        }
      ]
    },
    {
      "mode": "managed",
      "type": "aws_lambda_function",
      "name": "authorizer_lambda",
      "provider": "provider[\"registry.terraform.io/hashicorp/aws\"]",
      "instances": [
        {
          "schema_version": 0,
          "attributes": {
            "architectures": [
              "x86_64"
            ],
            "arn": "arn:aws:lambda:us-east-1:073534612512:function:authorizer",
            "code_signing_config_arn": "",
            "dead_letter_config": [],
            "description": "",
            "environment": [],
            "ephemeral_storage": [
              {
                "size": 512
              }
            ],
            "file_system_config": [],
            "filename": "../lambdas/authorizer.zip",
            "function_name": "authorizer",
            "handler": "authorizer.lambda_handler",
            "id": "authorizer",
            "image_config": [],
            "image_uri": "",
            "invoke_arn": "arn:aws:apigateway:us-east-1:lambda:path/2015-03-31/functions/arn:aws:lambda:us-east-1:073534612512:function:authorizer/invocations",
            "kms_key_arn": "",
            "last_modified": "2023-11-27T00:39:53.000+0000",
            "layers": [],
            "memory_size": 256,
            "package_type": "Zip",
            "publish": false,
            "qualified_arn": "arn:aws:lambda:us-east-1:073534612512:function:authorizer:$LATEST",
            "qualified_invoke_arn": "arn:aws:apigateway:us-east-1:lambda:path/2015-03-31/functions/arn:aws:lambda:us-east-1:073534612512:function:authorizer:$LATEST/invocations",
            "replace_security_groups_on_destroy": null,
            "replacement_security_group_ids": null,
            "reserved_concurrent_executions": -1,
            "role": "arn:aws:iam::073534612512:role/lambda_iam",
            "runtime": "python3.9",
            "s3_bucket": null,
            "s3_key": null,
            "s3_object_version": null,
            "signing_job_arn": "",
            "signing_profile_version_arn": "",
            "skip_destroy": false,
            "snap_start": [],
            "source_code_hash": "brH38+OoJOMIT/vRQpWj19OWsj7KuMi/Na/KLGEwrbQ=",
            "source_code_size": 696,
            "tags": {},
            "tags_all": {},
            "timeout": 30,
            "timeouts": null,
            "tracing_config": [
              {
                "mode": "PassThrough"
              }
            ],
            "version": "$LATEST",
            "vpc_config": []
          },
          "sensitive_attributes": [],
          "private": "eyJlMmJmYjczMC1lY2FhLTExZTYtOGY4OC0zNDM2M2JjN2M0YzAiOnsiY3JlYXRlIjo2MDAwMDAwMDAwMDAsImRlbGV0ZSI6NjAwMDAwMDAwMDAwLCJ1cGRhdGUiOjYwMDAwMDAwMDAwMH19",
          "dependencies": [
            "aws_iam_role.lambda_iam",
            "aws_iam_role_policy_attachment.lambda-policy",
            "data.aws_iam_policy.required_policy"
          ]
        }
      ]
    },
    {
      "mode": "managed",
      "type": "aws_lambda_function",
      "name": "delete_task",
      "provider": "provider[\"registry.terraform.io/hashicorp/aws\"]",
      "instances": [
        {
          "schema_version": 0,
          "attributes": {
            "architectures": [
              "x86_64"
            ],
            "arn": "arn:aws:lambda:us-east-1:073534612512:function:delete_task",
            "code_signing_config_arn": "",
            "dead_letter_config": [],
            "description": "",
            "environment": [
              {
                "variables": {
                  "TASK_DB_NAME": "scheduler_db"
                }
              }
            ],
            "ephemeral_storage": [
              {
                "size": 512
              }
            ],
            "file_system_config": [],
            "filename": "../lambdas/delete_task.zip",
            "function_name": "delete_task",
            "handler": "delete_task.lambda_handler",
            "id": "delete_task",
            "image_config": [],
            "image_uri": "",
            "invoke_arn": "arn:aws:apigateway:us-east-1:lambda:path/2015-03-31/functions/arn:aws:lambda:us-east-1:073534612512:function:delete_task/invocations",
            "kms_key_arn": "",
            "last_modified": "2023-11-23T04:51:10.023+0000",
            "layers": [],
            "memory_size": 256,
            "package_type": "Zip",
            "publish": false,
            "qualified_arn": "arn:aws:lambda:us-east-1:073534612512:function:delete_task:$LATEST",
            "qualified_invoke_arn": "arn:aws:apigateway:us-east-1:lambda:path/2015-03-31/functions/arn:aws:lambda:us-east-1:073534612512:function:delete_task:$LATEST/invocations",
            "replace_security_groups_on_destroy": null,
            "replacement_security_group_ids": null,
            "reserved_concurrent_executions": -1,
            "role": "arn:aws:iam::073534612512:role/lambda_iam",
            "runtime": "python3.9",
            "s3_bucket": null,
            "s3_key": null,
            "s3_object_version": null,
            "signing_job_arn": "",
            "signing_profile_version_arn": "",
            "skip_destroy": false,
            "snap_start": [],
            "source_code_hash": "HBAsxlZuKtHg6/FUyQYq5hrj4zwUrL+w0K6tytveWpU=",
            "source_code_size": 289,
            "tags": {},
            "tags_all": {},
            "timeout": 30,
            "timeouts": null,
            "tracing_config": [
              {
                "mode": "PassThrough"
              }
            ],
            "version": "$LATEST",
            "vpc_config": []
          },
          "sensitive_attributes": [],
          "private": "eyJlMmJmYjczMC1lY2FhLTExZTYtOGY4OC0zNDM2M2JjN2M0YzAiOnsiY3JlYXRlIjo2MDAwMDAwMDAwMDAsImRlbGV0ZSI6NjAwMDAwMDAwMDAwLCJ1cGRhdGUiOjYwMDAwMDAwMDAwMH19",
          "dependencies": [
            "aws_dynamodb_table.scheduler_db",
            "aws_iam_role.lambda_iam",
            "aws_iam_role_policy_attachment.lambda-policy",
            "data.aws_iam_policy.required_policy"
          ]
        }
      ]
    },
    {
      "mode": "managed",
      "type": "aws_lambda_function",
      "name": "get_task",
      "provider": "provider[\"registry.terraform.io/hashicorp/aws\"]",
      "instances": [
        {
          "schema_version": 0,
          "attributes": {
            "architectures": [
              "x86_64"
            ],
            "arn": "arn:aws:lambda:us-east-1:073534612512:function:get_task",
            "code_signing_config_arn": "",
            "dead_letter_config": [],
            "description": "",
            "environment": [
              {
                "variables": {
                  "TASK_DB_NAME": "scheduler_db"
                }
              }
            ],
            "ephemeral_storage": [
              {
                "size": 512
              }
            ],
            "file_system_config": [],
            "filename": "../lambdas.zip",
            "function_name": "get_task",
            "handler": "get_task.lambda_handler",
            "id": "get_task",
            "image_config": [],
            "image_uri": "",
            "invoke_arn": "arn:aws:apigateway:us-east-1:lambda:path/2015-03-31/functions/arn:aws:lambda:us-east-1:073534612512:function:get_task/invocations",
            "kms_key_arn": "",
            "last_modified": "2023-12-04T02:30:58.000+0000",
            "layers": [],
            "memory_size": 256,
            "package_type": "Zip",
            "publish": false,
            "qualified_arn": "arn:aws:lambda:us-east-1:073534612512:function:get_task:$LATEST",
            "qualified_invoke_arn": "arn:aws:apigateway:us-east-1:lambda:path/2015-03-31/functions/arn:aws:lambda:us-east-1:073534612512:function:get_task:$LATEST/invocations",
            "replace_security_groups_on_destroy": null,
            "replacement_security_group_ids": null,
            "reserved_concurrent_executions": -1,
            "role": "arn:aws:iam::073534612512:role/lambda_iam",
            "runtime": "python3.9",
            "s3_bucket": null,
            "s3_key": null,
            "s3_object_version": null,
            "signing_job_arn": "",
            "signing_profile_version_arn": "",
            "skip_destroy": false,
            "snap_start": [],
            "source_code_hash": "qwocfA7hmQeSG6MlP3U2jGSShf6AwWa8abKCrHBHDYI=",
            "source_code_size": 10101,
            "tags": {},
            "tags_all": {},
            "timeout": 30,
            "timeouts": null,
            "tracing_config": [
              {
                "mode": "PassThrough"
              }
            ],
            "version": "$LATEST",
            "vpc_config": []
          },
          "sensitive_attributes": [],
          "private": "eyJlMmJmYjczMC1lY2FhLTExZTYtOGY4OC0zNDM2M2JjN2M0YzAiOnsiY3JlYXRlIjo2MDAwMDAwMDAwMDAsImRlbGV0ZSI6NjAwMDAwMDAwMDAwLCJ1cGRhdGUiOjYwMDAwMDAwMDAwMH19",
          "dependencies": [
            "aws_dynamodb_table.scheduler_db",
            "aws_iam_role.lambda_iam",
            "aws_iam_role_policy_attachment.lambda-policy",
            "data.aws_iam_policy.required_policy"
          ]
        }
      ]
    },
    {
      "mode": "managed",
      "type": "aws_lambda_function",
      "name": "patch_task",
      "provider": "provider[\"registry.terraform.io/hashicorp/aws\"]",
      "instances": [
        {
          "schema_version": 0,
          "attributes": {
            "architectures": [
              "x86_64"
            ],
            "arn": "arn:aws:lambda:us-east-1:073534612512:function:patch_task",
            "code_signing_config_arn": "",
            "dead_letter_config": [],
            "description": "",
            "environment": [
              {
                "variables": {
                  "TASK_DB_NAME": "scheduler_db"
                }
              }
            ],
            "ephemeral_storage": [
              {
                "size": 512
              }
            ],
            "file_system_config": [],
            "filename": "../lambdas/patch_task.zip",
            "function_name": "patch_task",
            "handler": "patch_task.lambda_handler",
            "id": "patch_task",
            "image_config": [],
            "image_uri": "",
            "invoke_arn": "arn:aws:apigateway:us-east-1:lambda:path/2015-03-31/functions/arn:aws:lambda:us-east-1:073534612512:function:patch_task/invocations",
            "kms_key_arn": "",
            "last_modified": "2023-11-23T04:51:15.626+0000",
            "layers": [],
            "memory_size": 256,
            "package_type": "Zip",
            "publish": false,
            "qualified_arn": "arn:aws:lambda:us-east-1:073534612512:function:patch_task:$LATEST",
            "qualified_invoke_arn": "arn:aws:apigateway:us-east-1:lambda:path/2015-03-31/functions/arn:aws:lambda:us-east-1:073534612512:function:patch_task:$LATEST/invocations",
            "replace_security_groups_on_destroy": null,
            "replacement_security_group_ids": null,
            "reserved_concurrent_executions": -1,
            "role": "arn:aws:iam::073534612512:role/lambda_iam",
            "runtime": "python3.9",
            "s3_bucket": null,
            "s3_key": null,
            "s3_object_version": null,
            "signing_job_arn": "",
            "signing_profile_version_arn": "",
            "skip_destroy": false,
            "snap_start": [],
            "source_code_hash": "nJfEgoje/QKtkQatLYnM1QbBiU/BYLB5cvHyKmBHERA=",
            "source_code_size": 287,
            "tags": {},
            "tags_all": {},
            "timeout": 30,
            "timeouts": null,
            "tracing_config": [
              {
                "mode": "PassThrough"
              }
            ],
            "version": "$LATEST",
            "vpc_config": []
          },
          "sensitive_attributes": [],
          "private": "eyJlMmJmYjczMC1lY2FhLTExZTYtOGY4OC0zNDM2M2JjN2M0YzAiOnsiY3JlYXRlIjo2MDAwMDAwMDAwMDAsImRlbGV0ZSI6NjAwMDAwMDAwMDAwLCJ1cGRhdGUiOjYwMDAwMDAwMDAwMH19",
          "dependencies": [
            "aws_dynamodb_table.scheduler_db",
            "aws_iam_role.lambda_iam",
            "aws_iam_role_policy_attachment.lambda-policy",
            "data.aws_iam_policy.required_policy"
          ]
        }
      ]
    },
    {
      "mode": "managed",
      "type": "aws_lambda_function",
      "name": "post_task",
      "provider": "provider[\"registry.terraform.io/hashicorp/aws\"]",
      "instances": [
        {
          "schema_version": 0,
          "attributes": {
            "architectures": [
              "x86_64"
            ],
            "arn": "arn:aws:lambda:us-east-1:073534612512:function:post_task",
            "code_signing_config_arn": "",
            "dead_letter_config": [],
            "description": "",
            "environment": [
              {
                "variables": {
                  "TASK_DB_NAME": "scheduler_db"
                }
              }
            ],
            "ephemeral_storage": [
              {
                "size": 512
              }
            ],
            "file_system_config": [],
            "filename": "../lambdas/post_task.zip",
            "function_name": "post_task",
            "handler": "post_task.lambda_handler",
            "id": "post_task",
            "image_config": [],
            "image_uri": "",
            "invoke_arn": "arn:aws:apigateway:us-east-1:lambda:path/2015-03-31/functions/arn:aws:lambda:us-east-1:073534612512:function:post_task/invocations",
            "kms_key_arn": "",
            "last_modified": "2023-10-31T00:08:45.477+0000",
            "layers": [],
            "memory_size": 256,
            "package_type": "Zip",
            "publish": false,
            "qualified_arn": "arn:aws:lambda:us-east-1:073534612512:function:post_task:$LATEST",
            "qualified_invoke_arn": "arn:aws:apigateway:us-east-1:lambda:path/2015-03-31/functions/arn:aws:lambda:us-east-1:073534612512:function:post_task:$LATEST/invocations",
            "replace_security_groups_on_destroy": null,
            "replacement_security_group_ids": null,
            "reserved_concurrent_executions": -1,
            "role": "arn:aws:iam::073534612512:role/lambda_iam",
            "runtime": "python3.9",
            "s3_bucket": null,
            "s3_key": null,
            "s3_object_version": null,
            "signing_job_arn": "",
            "signing_profile_version_arn": "",
            "skip_destroy": false,
            "snap_start": [],
            "source_code_hash": "uaUOQWhuZ5YKQc32xv3r4mjZsHBdpFlletHgOwm7xM8=",
            "source_code_size": 285,
            "tags": {},
            "tags_all": {},
            "timeout": 30,
            "timeouts": null,
            "tracing_config": [
              {
                "mode": "PassThrough"
              }
            ],
            "version": "$LATEST",
            "vpc_config": []
          },
          "sensitive_attributes": [],
          "private": "eyJlMmJmYjczMC1lY2FhLTExZTYtOGY4OC0zNDM2M2JjN2M0YzAiOnsiY3JlYXRlIjo2MDAwMDAwMDAwMDAsImRlbGV0ZSI6NjAwMDAwMDAwMDAwLCJ1cGRhdGUiOjYwMDAwMDAwMDAwMH19",
          "dependencies": [
            "aws_dynamodb_table.scheduler_db",
            "aws_iam_role.lambda_iam",
            "aws_iam_role_policy_attachment.lambda-policy",
            "data.aws_iam_policy.required_policy"
          ]
        }
      ]
    },
    {
      "mode": "managed",
      "type": "aws_lambda_permission",
      "name": "task_delete_permission",
      "provider": "provider[\"registry.terraform.io/hashicorp/aws\"]",
      "instances": [
        {
          "schema_version": 0,
          "attributes": {
            "action": "lambda:InvokeFunction",
            "event_source_token": null,
            "function_name": "delete_task",
            "function_url_auth_type": null,
            "id": "terraform-20231123045109892800000001",
            "principal": "apigateway.amazonaws.com",
            "principal_org_id": null,
            "qualifier": "",
            "source_account": null,
            "source_arn": "arn:aws:execute-api:us-east-1:073534612512:zztjxk75ik/*/*/*",
            "statement_id": "terraform-20231123045109892800000001",
            "statement_id_prefix": "terraform-"
          },
          "sensitive_attributes": [],
          "private": "bnVsbA==",
          "dependencies": [
            "aws_apigatewayv2_api.lambda_gateway",
            "aws_dynamodb_table.scheduler_db",
            "aws_iam_role.lambda_iam",
            "aws_iam_role_policy_attachment.lambda-policy",
            "aws_lambda_function.delete_task",
            "data.aws_iam_policy.required_policy"
          ]
        }
      ]
    },
    {
      "mode": "managed",
      "type": "aws_lambda_permission",
      "name": "task_get_permission",
      "provider": "provider[\"registry.terraform.io/hashicorp/aws\"]",
      "instances": [
        {
          "schema_version": 0,
          "attributes": {
            "action": "lambda:InvokeFunction",
            "event_source_token": null,
            "function_name": "get_task",
            "function_url_auth_type": null,
            "id": "terraform-20231031000839797600000004",
            "principal": "apigateway.amazonaws.com",
            "principal_org_id": null,
            "qualifier": "",
            "source_account": null,
            "source_arn": "arn:aws:execute-api:us-east-1:073534612512:zztjxk75ik/*/*/*",
            "statement_id": "terraform-20231031000839797600000004",
            "statement_id_prefix": "terraform-"
          },
          "sensitive_attributes": [],
          "private": "bnVsbA==",
          "dependencies": [
            "aws_apigatewayv2_api.lambda_gateway",
            "aws_dynamodb_table.scheduler_db",
            "aws_iam_role.lambda_iam",
            "aws_iam_role_policy_attachment.lambda-policy",
            "aws_lambda_function.get_task",
            "data.aws_iam_policy.required_policy"
          ]
        }
      ]
    },
    {
      "mode": "managed",
      "type": "aws_lambda_permission",
      "name": "task_patch_permission",
      "provider": "provider[\"registry.terraform.io/hashicorp/aws\"]",
      "instances": [
        {
          "schema_version": 0,
          "attributes": {
            "action": "lambda:InvokeFunction",
            "event_source_token": null,
            "function_name": "patch_task",
            "function_url_auth_type": null,
            "id": "terraform-20231123045115549900000002",
            "principal": "apigateway.amazonaws.com",
            "principal_org_id": null,
            "qualifier": "",
            "source_account": null,
            "source_arn": "arn:aws:execute-api:us-east-1:073534612512:zztjxk75ik/*/*/*",
            "statement_id": "terraform-20231123045115549900000002",
            "statement_id_prefix": "terraform-"
          },
          "sensitive_attributes": [],
          "private": "bnVsbA==",
          "dependencies": [
            "aws_apigatewayv2_api.lambda_gateway",
            "aws_dynamodb_table.scheduler_db",
            "aws_iam_role.lambda_iam",
            "aws_iam_role_policy_attachment.lambda-policy",
            "aws_lambda_function.patch_task",
            "data.aws_iam_policy.required_policy"
          ]
        }
      ]
    },
    {
      "mode": "managed",
      "type": "aws_lambda_permission",
      "name": "task_post_permission",
      "provider": "provider[\"registry.terraform.io/hashicorp/aws\"]",
      "instances": [
        {
          "schema_version": 0,
          "attributes": {
            "action": "lambda:InvokeFunction",
            "event_source_token": null,
            "function_name": "post_task",
            "function_url_auth_type": null,
            "id": "terraform-20231031000845431500000005",
            "principal": "apigateway.amazonaws.com",
            "principal_org_id": null,
            "qualifier": "",
            "source_account": null,
            "source_arn": "arn:aws:execute-api:us-east-1:073534612512:zztjxk75ik/*/*/*",
            "statement_id": "terraform-20231031000845431500000005",
            "statement_id_prefix": "terraform-"
          },
          "sensitive_attributes": [],
          "private": "bnVsbA==",
          "dependencies": [
            "aws_apigatewayv2_api.lambda_gateway",
            "aws_dynamodb_table.scheduler_db",
            "aws_iam_role.lambda_iam",
            "aws_iam_role_policy_attachment.lambda-policy",
            "aws_lambda_function.post_task",
            "data.aws_iam_policy.required_policy"
          ]
        }
      ]
    },
    {
      "mode": "managed",
      "type": "aws_lambda_permission",
      "name": "tasks_get_permission",
      "provider": "provider[\"registry.terraform.io/hashicorp/aws\"]",
      "instances": [
        {
          "schema_version": 0,
          "attributes": {
            "action": "lambda:InvokeFunction",
            "event_source_token": null,
            "function_name": "get_task",
            "function_url_auth_type": null,
            "id": "terraform-20231204020842019900000001",
            "principal": "apigateway.amazonaws.com",
            "principal_org_id": null,
            "qualifier": "",
            "source_account": null,
            "source_arn": "arn:aws:execute-api:us-east-1:073534612512:zztjxk75ik/*/*/*",
            "statement_id": "terraform-20231204020842019900000001",
            "statement_id_prefix": "terraform-"
          },
          "sensitive_attributes": [],
          "private": "bnVsbA==",
          "dependencies": [
            "aws_apigatewayv2_api.lambda_gateway",
            "aws_dynamodb_table.scheduler_db",
            "aws_iam_role.lambda_iam",
            "aws_iam_role_policy_attachment.lambda-policy",
            "aws_lambda_function.get_task",
            "data.aws_iam_policy.required_policy"
          ]
        }
      ]
    }
  ],
  "check_results": null
}
